
Microsoft Visual Studio Solution File, Format Version 12.00
# Visual Studio 15
VisualStudioVersion = 15.0.27428.2037
MinimumVisualStudioVersion = 10.0.40219.1
Project("{FAE04EC0-301F-11D3-BF4B-00C04F79EFBC}") = "Project_TouchCinema", "Project_TouchCinema\Project_TouchCinema.csproj", "{A639471B-439E-4A8F-BE8B-CF615AB84B9D}"
EndProject
Project("{FAE04EC0-301F-11D3-BF4B-00C04F79EFBC}") = "AdminLibrary", "AdminLibrary\AdminLibrary.csproj", "{38DCCC9B-BCFC-4470-8C52-98A346B21F81}"
EndProject
Project("{FAE04EC0-301F-11D3-BF4B-00C04F79EFBC}") = "MovieLibrary", "MovieLibrary\MovieLibrary.csproj", "{AE8E4890-2E5A-4A70-B483-0AA2FABF3E04}"
EndProject
Project("{FAE04EC0-301F-11D3-BF4B-00C04F79EFBC}") = "OrderLibary", "OrderLibary\OrderLibary.csproj", "{B06BD3E9-3CD9-4B48-823D-C458C0A85EAE}"
EndProject
Project("{FAE04EC0-301F-11D3-BF4B-00C04F79EFBC}") = "RoomLibrary", "RoomLibrary\RoomLibrary.csproj", "{3BC0E9FD-0EBD-4BBE-AE11-E859F6479DF1}"
EndProject
Project("{FAE04EC0-301F-11D3-BF4B-00C04F79EFBC}") = "ScheduleLibrary", "ScheduleLibrary\ScheduleLibrary.csproj", "{45553FD2-443D-4578-AB78-85312A40AFEF}"
EndProject
Project("{FAE04EC0-301F-11D3-BF4B-00C04F79EFBC}") = "StaffLibrary", "StaffLibrary\StaffLibrary.csproj", "{DE23AB60-ADF5-474E-8E90-65A4DEA4B93F}"
EndProject
Project("{FAE04EC0-301F-11D3-BF4B-00C04F79EFBC}") = "MemberLibrary", "MemberLibrary\MemberLibrary.csproj", "{CDAFD483-A317-4C46-B654-F2F0B94FD747}"
EndProject
Global
	GlobalSection(SolutionConfigurationPlatforms) = preSolution
		Debug|Any CPU = Debug|Any CPU
		Release|Any CPU = Release|Any CPU
	EndGlobalSection
	GlobalSection(ProjectConfigurationPlatforms) = postSolution
		{A639471B-439E-4A8F-BE8B-CF615AB84B9D}.Debug|Any CPU.ActiveCfg = Debug|Any CPU
		{A639471B-439E-4A8F-BE8B-CF615AB84B9D}.Debug|Any CPU.Build.0 = Debug|Any CPU
		{A639471B-439E-4A8F-BE8B-CF615AB84B9D}.Release|Any CPU.ActiveCfg = Release|Any CPU
		{A639471B-439E-4A8F-BE8B-CF615AB84B9D}.Release|Any CPU.Build.0 = Release|Any CPU
		{38DCCC9B-BCFC-4470-8C52-98A346B21F81}.Debug|Any CPU.ActiveCfg = Debug|Any CPU
		{38DCCC9B-BCFC-4470-8C52-98A346B21F81}.Debug|Any CPU.Build.0 = Debug|Any CPU
		{38DCCC9B-BCFC-4470-8C52-98A346B21F81}.Release|Any CPU.ActiveCfg = Release|Any CPU
		{38DCCC9B-BCFC-4470-8C52-98A346B21F81}.Release|Any CPU.Build.0 = Release|Any CPU
		{AE8E4890-2E5A-4A70-B483-0AA2FABF3E04}.Debug|Any CPU.ActiveCfg = Debug|Any CPU
		{AE8E4890-2E5A-4A70-B483-0AA2FABF3E04}.Debug|Any CPU.Build.0 = Debug|Any CPU
		{AE8E4890-2E5A-4A70-B483-0AA2FABF3E04}.Release|Any CPU.ActiveCfg = Release|Any CPU
		{AE8E4890-2E5A-4A70-B483-0AA2FABF3E04}.Release|Any CPU.Build.0 = Release|Any CPU
		{B06BD3E9-3CD9-4B48-823D-C458C0A85EAE}.Debug|Any CPU.ActiveCfg = Debug|Any CPU
		{B06BD3E9-3CD9-4B48-823D-C458C0A85EAE}.Debug|Any CPU.Build.0 = Debug|Any CPU
		{B06BD3E9-3CD9-4B48-823D-C458C0A85EAE}.Release|Any CPU.ActiveCfg = Release|Any CPU
		{B06BD3E9-3CD9-4B48-823D-C458C0A85EAE}.Release|Any CPU.Build.0 = Release|Any CPU
		{3BC0E9FD-0EBD-4BBE-AE11-E859F6479DF1}.Debug|Any CPU.ActiveCfg = Debug|Any CPU
		{3BC0E9FD-0EBD-4BBE-AE11-E859F6479DF1}.Debug|Any CPU.Build.0 = Debug|Any CPU
		{3BC0E9FD-0EBD-4BBE-AE11-E859F6479DF1}.Release|Any CPU.ActiveCfg = Release|Any CPU
		{3BC0E9FD-0EBD-4BBE-AE11-E859F6479DF1}.Release|Any CPU.Build.0 = Release|Any CPU
		{45553FD2-443D-4578-AB78-85312A40AFEF}.Debug|Any CPU.ActiveCfg = Debug|Any CPU
		{45553FD2-443D-4578-AB78-85312A40AFEF}.Debug|Any CPU.Build.0 = Debug|Any CPU
		{45553FD2-443D-4578-AB78-85312A40AFEF}.Release|Any CPU.ActiveCfg = Release|Any CPU
		{45553FD2-443D-4578-AB78-85312A40AFEF}.Release|Any CPU.Build.0 = Release|Any CPU
		{DE23AB60-ADF5-474E-8E90-65A4DEA4B93F}.Debug|Any CPU.ActiveCfg = Debug|Any CPU
		{DE23AB60-ADF5-474E-8E90-65A4DEA4B93F}.Debug|Any CPU.Build.0 = Debug|Any CPU
		{DE23AB60-ADF5-474E-8E90-65A4DEA4B93F}.Release|Any CPU.ActiveCfg = Release|Any CPU
		{DE23AB60-ADF5-474E-8E90-65A4DEA4B93F}.Release|Any CPU.Build.0 = Release|Any CPU
		{CDAFD483-A317-4C46-B654-F2F0B94FD747}.Debug|Any CPU.ActiveCfg = Debug|Any CPU
		{CDAFD483-A317-4C46-B654-F2F0B94FD747}.Debug|Any CPU.Build.0 = Debug|Any CPU
		{CDAFD483-A317-4C46-B654-F2F0B94FD747}.Release|Any CPU.ActiveCfg = Release|Any CPU
		{CDAFD483-A317-4C46-B654-F2F0B94FD747}.Release|Any CPU.Build.0 = Release|Any CPU
	EndGlobalSection
	GlobalSection(SolutionProperties) = preSolution
		HideSolutionNode = FALSE
	EndGlobalSection
	GlobalSection(ExtensibilityGlobals) = postSolution
		SolutionGuid = {8779D744-7862-43E1-AF43-D5E514CB1A48}
	EndGlobalSection
EndGlobal
